
Microsoft Visual Studio Solution File, Format Version 12.00
# Visual Studio Version 17
VisualStudioVersion = 17.8.34525.116
MinimumVisualStudioVersion = 10.0.40219.1
Project("{FAE04EC0-301F-11D3-BF4B-00C04F79EFBC}") = "MSSS_APP_Client", "MSSS_APP_Client\MSSS_APP_Client.csproj", "{EB505B5E-FF8A-4220-86C8-CE4959CE4983}"
EndProject
Global
	GlobalSection(SolutionConfigurationPlatforms) = preSolution
		Debug|Any CPU = Debug|Any CPU
		Release|Any CPU = Release|Any CPU
	EndGlobalSection
	GlobalSection(ProjectConfigurationPlatforms) = postSolution
		{EB505B5E-FF8A-4220-86C8-CE4959CE4983}.Debug|Any CPU.ActiveCfg = Debug|Any CPU
		{EB505B5E-FF8A-4220-86C8-CE4959CE4983}.Debug|Any CPU.Build.0 = Debug|Any CPU
		{EB505B5E-FF8A-4220-86C8-CE4959CE4983}.Release|Any CPU.ActiveCfg = Release|Any CPU
		{EB505B5E-FF8A-4220-86C8-CE4959CE4983}.Release|Any CPU.Build.0 = Release|Any CPU
	EndGlobalSection
	GlobalSection(SolutionProperties) = preSolution
		HideSolutionNode = FALSE
	EndGlobalSection
	GlobalSection(ExtensibilityGlobals) = postSolution
		SolutionGuid = {92263EA0-B88E-4DFD-AC00-80A82151D1E0}
	EndGlobalSection
EndGlobal
